
Microsoft Visual Studio Solution File, Format Version 12.00
# Visual Studio Version 17
VisualStudioVersion = 17.3.32901.215
MinimumVisualStudioVersion = 10.0.40219.1
Project("{FAE04EC0-301F-11D3-BF4B-00C04F79EFBC}") = "Lapp2-Köket", "Lapp2-Köket.csproj", "{0CFA1C49-FEC8-4083-887F-7B9F253A1344}"
EndProject
Global
	GlobalSection(SolutionConfigurationPlatforms) = preSolution
		Debug|Any CPU = Debug|Any CPU
		Release|Any CPU = Release|Any CPU
	EndGlobalSection
	GlobalSection(ProjectConfigurationPlatforms) = postSolution
		{0CFA1C49-FEC8-4083-887F-7B9F253A1344}.Debug|Any CPU.ActiveCfg = Debug|Any CPU
		{0CFA1C49-FEC8-4083-887F-7B9F253A1344}.Debug|Any CPU.Build.0 = Debug|Any CPU
		{0CFA1C49-FEC8-4083-887F-7B9F253A1344}.Release|Any CPU.ActiveCfg = Release|Any CPU
		{0CFA1C49-FEC8-4083-887F-7B9F253A1344}.Release|Any CPU.Build.0 = Release|Any CPU
	EndGlobalSection
	GlobalSection(SolutionProperties) = preSolution
		HideSolutionNode = FALSE
	EndGlobalSection
	GlobalSection(ExtensibilityGlobals) = postSolution
		SolutionGuid = {6040B47A-4728-4C93-A005-6DA797803794}
	EndGlobalSection
EndGlobal
